
Microsoft Visual Studio Solution File, Format Version 12.00
# Visual Studio Version 17
VisualStudioVersion = 17.0.31903.59
MinimumVisualStudioVersion = 10.0.40219.1
Project("{FAE04EC0-301F-11D3-BF4B-00C04F79EFBC}") = "Moorhuhn_RLE2BMP", "Moorhuhn_RLE2BMP.csproj", "{1B51C3AB-1ECC-47C7-8D08-4B01382EEDD9}"
EndProject
Global
	GlobalSection(SolutionConfigurationPlatforms) = preSolution
		Debug|Any CPU = Debug|Any CPU
		Release|Any CPU = Release|Any CPU
	EndGlobalSection
	GlobalSection(ProjectConfigurationPlatforms) = postSolution
		{1B51C3AB-1ECC-47C7-8D08-4B01382EEDD9}.Debug|Any CPU.ActiveCfg = Debug|Any CPU
		{1B51C3AB-1ECC-47C7-8D08-4B01382EEDD9}.Debug|Any CPU.Build.0 = Debug|Any CPU
		{1B51C3AB-1ECC-47C7-8D08-4B01382EEDD9}.Release|Any CPU.ActiveCfg = Release|Any CPU
		{1B51C3AB-1ECC-47C7-8D08-4B01382EEDD9}.Release|Any CPU.Build.0 = Release|Any CPU
	EndGlobalSection
	GlobalSection(SolutionProperties) = preSolution
		HideSolutionNode = FALSE
	EndGlobalSection
	GlobalSection(ExtensibilityGlobals) = postSolution
		SolutionGuid = {54675295-EE2C-4B33-A734-96CFB0C13E12}
	EndGlobalSection
EndGlobal
